
Microsoft Visual Studio Solution File, Format Version 12.00
# Visual Studio Version 17
VisualStudioVersion = 17.5.33424.131
MinimumVisualStudioVersion = 10.0.40219.1
Project("{FAE04EC0-301F-11D3-BF4B-00C04F79EFBC}") = "Webapp_Tarde", "Webapp_Tarde\Webapp_Tarde.csproj", "{9C35BBF6-F326-4272-BB38-52D8F286CC9D}"
EndProject
Global
	GlobalSection(SolutionConfigurationPlatforms) = preSolution
		Debug|Any CPU = Debug|Any CPU
		Release|Any CPU = Release|Any CPU
	EndGlobalSection
	GlobalSection(ProjectConfigurationPlatforms) = postSolution
		{9C35BBF6-F326-4272-BB38-52D8F286CC9D}.Debug|Any CPU.ActiveCfg = Debug|Any CPU
		{9C35BBF6-F326-4272-BB38-52D8F286CC9D}.Debug|Any CPU.Build.0 = Debug|Any CPU
		{9C35BBF6-F326-4272-BB38-52D8F286CC9D}.Release|Any CPU.ActiveCfg = Release|Any CPU
		{9C35BBF6-F326-4272-BB38-52D8F286CC9D}.Release|Any CPU.Build.0 = Release|Any CPU
	EndGlobalSection
	GlobalSection(SolutionProperties) = preSolution
		HideSolutionNode = FALSE
	EndGlobalSection
	GlobalSection(ExtensibilityGlobals) = postSolution
		SolutionGuid = {BA755C19-29D6-4952-90AB-9C75F94104D8}
	EndGlobalSection
EndGlobal
